
Microsoft Visual Studio Solution File, Format Version 12.00
# Visual Studio 2012
Project("{FAE04EC0-301F-11D3-BF4B-00C04F79EFBC}") = "StravaCenturion", "Strava Centurion\StravaCenturion.csproj", "{E7485144-3EC4-4D0C-A6EF-D013D03B507E}"
EndProject
Project("{FAE04EC0-301F-11D3-BF4B-00C04F79EFBC}") = "StravaCenturionTests", "Strava Centurion Tests\StravaCenturionTests.csproj", "{D528D1F3-43BF-4941-ACF5-E699A27A1236}"
EndProject
Global
	GlobalSection(SolutionConfigurationPlatforms) = preSolution
		Debug|Any CPU = Debug|Any CPU
		Debug|Mixed Platforms = Debug|Mixed Platforms
		Debug|x86 = Debug|x86
		Release|Any CPU = Release|Any CPU
		Release|Mixed Platforms = Release|Mixed Platforms
		Release|x86 = Release|x86
	EndGlobalSection
	GlobalSection(ProjectConfigurationPlatforms) = postSolution
		{E7485144-3EC4-4D0C-A6EF-D013D03B507E}.Debug|Any CPU.ActiveCfg = Debug|Any CPU
		{E7485144-3EC4-4D0C-A6EF-D013D03B507E}.Debug|Any CPU.Build.0 = Debug|Any CPU
		{E7485144-3EC4-4D0C-A6EF-D013D03B507E}.Debug|Mixed Platforms.ActiveCfg = Debug|Any CPU
		{E7485144-3EC4-4D0C-A6EF-D013D03B507E}.Debug|Mixed Platforms.Build.0 = Debug|Any CPU
		{E7485144-3EC4-4D0C-A6EF-D013D03B507E}.Debug|x86.ActiveCfg = Debug|x86
		{E7485144-3EC4-4D0C-A6EF-D013D03B507E}.Debug|x86.Build.0 = Debug|x86
		{E7485144-3EC4-4D0C-A6EF-D013D03B507E}.Release|Any CPU.ActiveCfg = Release|Any CPU
		{E7485144-3EC4-4D0C-A6EF-D013D03B507E}.Release|Any CPU.Build.0 = Release|Any CPU
		{E7485144-3EC4-4D0C-A6EF-D013D03B507E}.Release|Mixed Platforms.ActiveCfg = Release|Any CPU
		{E7485144-3EC4-4D0C-A6EF-D013D03B507E}.Release|Mixed Platforms.Build.0 = Release|Any CPU
		{E7485144-3EC4-4D0C-A6EF-D013D03B507E}.Release|x86.ActiveCfg = Release|x86
		{E7485144-3EC4-4D0C-A6EF-D013D03B507E}.Release|x86.Build.0 = Release|x86
		{D528D1F3-43BF-4941-ACF5-E699A27A1236}.Debug|Any CPU.ActiveCfg = Debug|Any CPU
		{D528D1F3-43BF-4941-ACF5-E699A27A1236}.Debug|Any CPU.Build.0 = Debug|Any CPU
		{D528D1F3-43BF-4941-ACF5-E699A27A1236}.Debug|Mixed Platforms.ActiveCfg = Debug|Any CPU
		{D528D1F3-43BF-4941-ACF5-E699A27A1236}.Debug|Mixed Platforms.Build.0 = Debug|Any CPU
		{D528D1F3-43BF-4941-ACF5-E699A27A1236}.Debug|x86.ActiveCfg = Debug|Any CPU
		{D528D1F3-43BF-4941-ACF5-E699A27A1236}.Release|Any CPU.ActiveCfg = Release|Any CPU
		{D528D1F3-43BF-4941-ACF5-E699A27A1236}.Release|Any CPU.Build.0 = Release|Any CPU
		{D528D1F3-43BF-4941-ACF5-E699A27A1236}.Release|Mixed Platforms.ActiveCfg = Release|Any CPU
		{D528D1F3-43BF-4941-ACF5-E699A27A1236}.Release|Mixed Platforms.Build.0 = Release|Any CPU
		{D528D1F3-43BF-4941-ACF5-E699A27A1236}.Release|x86.ActiveCfg = Release|Any CPU
	EndGlobalSection
	GlobalSection(SolutionProperties) = preSolution
		HideSolutionNode = FALSE
	EndGlobalSection
EndGlobal
